
Microsoft Visual Studio Solution File, Format Version 12.00
# Visual Studio Version 17
VisualStudioVersion = 17.5.002.0
MinimumVisualStudioVersion = 10.0.40219.1
Project("{9A19103F-16F7-4668-BE54-9A1E7A4F7556}") = "DDDNetCore", "DDDNetCore.csproj", "{B59F6C56-E536-4ECA-9E8E-AF7B92EBEB84}"
EndProject
Global
	GlobalSection(SolutionConfigurationPlatforms) = preSolution
		Debug|Any CPU = Debug|Any CPU
		Release|Any CPU = Release|Any CPU
	EndGlobalSection
	GlobalSection(ProjectConfigurationPlatforms) = postSolution
		{B59F6C56-E536-4ECA-9E8E-AF7B92EBEB84}.Debug|Any CPU.ActiveCfg = Debug|Any CPU
		{B59F6C56-E536-4ECA-9E8E-AF7B92EBEB84}.Debug|Any CPU.Build.0 = Debug|Any CPU
		{B59F6C56-E536-4ECA-9E8E-AF7B92EBEB84}.Release|Any CPU.ActiveCfg = Release|Any CPU
		{B59F6C56-E536-4ECA-9E8E-AF7B92EBEB84}.Release|Any CPU.Build.0 = Release|Any CPU
	EndGlobalSection
	GlobalSection(SolutionProperties) = preSolution
		HideSolutionNode = FALSE
	EndGlobalSection
	GlobalSection(ExtensibilityGlobals) = postSolution
		SolutionGuid = {DF4AD8DF-FBF9-4C7B-8DC5-40F186683122}
	EndGlobalSection
EndGlobal
